
Microsoft Visual Studio Solution File, Format Version 12.00
# Visual Studio Version 16
VisualStudioVersion = 16.0.29519.87
MinimumVisualStudioVersion = 10.0.40219.1
Project("{8BC9CEB8-8B4A-11D0-8D11-00A0C91BC942}") = "BOJ 1718", "BOJ 1718\BOJ 1718.vcxproj", "{F6AD776A-E027-4C79-9875-5C7985224804}"
EndProject
Global
	GlobalSection(SolutionConfigurationPlatforms) = preSolution
		Debug|x64 = Debug|x64
		Debug|x86 = Debug|x86
		Release|x64 = Release|x64
		Release|x86 = Release|x86
	EndGlobalSection
	GlobalSection(ProjectConfigurationPlatforms) = postSolution
		{F6AD776A-E027-4C79-9875-5C7985224804}.Debug|x64.ActiveCfg = Debug|x64
		{F6AD776A-E027-4C79-9875-5C7985224804}.Debug|x64.Build.0 = Debug|x64
		{F6AD776A-E027-4C79-9875-5C7985224804}.Debug|x86.ActiveCfg = Debug|Win32
		{F6AD776A-E027-4C79-9875-5C7985224804}.Debug|x86.Build.0 = Debug|Win32
		{F6AD776A-E027-4C79-9875-5C7985224804}.Release|x64.ActiveCfg = Release|x64
		{F6AD776A-E027-4C79-9875-5C7985224804}.Release|x64.Build.0 = Release|x64
		{F6AD776A-E027-4C79-9875-5C7985224804}.Release|x86.ActiveCfg = Release|Win32
		{F6AD776A-E027-4C79-9875-5C7985224804}.Release|x86.Build.0 = Release|Win32
	EndGlobalSection
	GlobalSection(SolutionProperties) = preSolution
		HideSolutionNode = FALSE
	EndGlobalSection
	GlobalSection(ExtensibilityGlobals) = postSolution
		SolutionGuid = {785BF80D-7AE2-4272-9288-D05B68F4A70A}
	EndGlobalSection
EndGlobal
