
Microsoft Visual Studio Solution File, Format Version 12.00
# Visual Studio Version 16
VisualStudioVersion = 16.0.29519.87
MinimumVisualStudioVersion = 10.0.40219.1
Project("{8BC9CEB8-8B4A-11D0-8D11-00A0C91BC942}") = "BOJ 1260", "BOJ 1260\BOJ 1260.vcxproj", "{38F5BCB3-D458-4D06-8BCD-37119D1F8A3D}"
EndProject
Global
	GlobalSection(SolutionConfigurationPlatforms) = preSolution
		Debug|x64 = Debug|x64
		Debug|x86 = Debug|x86
		Release|x64 = Release|x64
		Release|x86 = Release|x86
	EndGlobalSection
	GlobalSection(ProjectConfigurationPlatforms) = postSolution
		{38F5BCB3-D458-4D06-8BCD-37119D1F8A3D}.Debug|x64.ActiveCfg = Debug|x64
		{38F5BCB3-D458-4D06-8BCD-37119D1F8A3D}.Debug|x64.Build.0 = Debug|x64
		{38F5BCB3-D458-4D06-8BCD-37119D1F8A3D}.Debug|x86.ActiveCfg = Debug|Win32
		{38F5BCB3-D458-4D06-8BCD-37119D1F8A3D}.Debug|x86.Build.0 = Debug|Win32
		{38F5BCB3-D458-4D06-8BCD-37119D1F8A3D}.Release|x64.ActiveCfg = Release|x64
		{38F5BCB3-D458-4D06-8BCD-37119D1F8A3D}.Release|x64.Build.0 = Release|x64
		{38F5BCB3-D458-4D06-8BCD-37119D1F8A3D}.Release|x86.ActiveCfg = Release|Win32
		{38F5BCB3-D458-4D06-8BCD-37119D1F8A3D}.Release|x86.Build.0 = Release|Win32
	EndGlobalSection
	GlobalSection(SolutionProperties) = preSolution
		HideSolutionNode = FALSE
	EndGlobalSection
	GlobalSection(ExtensibilityGlobals) = postSolution
		SolutionGuid = {FA01784A-19EB-4B94-9E95-28B717EB6EBE}
	EndGlobalSection
EndGlobal
