
Microsoft Visual Studio Solution File, Format Version 12.00
# Visual Studio Version 16
VisualStudioVersion = 16.0.29519.87
MinimumVisualStudioVersion = 10.0.40219.1
Project("{8BC9CEB8-8B4A-11D0-8D11-00A0C91BC942}") = "BOJ 4153", "BOJ 4153\BOJ 4153.vcxproj", "{09B81BEE-DEF8-48D7-A9B9-2AC29E152570}"
EndProject
Global
	GlobalSection(SolutionConfigurationPlatforms) = preSolution
		Debug|x64 = Debug|x64
		Debug|x86 = Debug|x86
		Release|x64 = Release|x64
		Release|x86 = Release|x86
	EndGlobalSection
	GlobalSection(ProjectConfigurationPlatforms) = postSolution
		{09B81BEE-DEF8-48D7-A9B9-2AC29E152570}.Debug|x64.ActiveCfg = Debug|x64
		{09B81BEE-DEF8-48D7-A9B9-2AC29E152570}.Debug|x64.Build.0 = Debug|x64
		{09B81BEE-DEF8-48D7-A9B9-2AC29E152570}.Debug|x86.ActiveCfg = Debug|Win32
		{09B81BEE-DEF8-48D7-A9B9-2AC29E152570}.Debug|x86.Build.0 = Debug|Win32
		{09B81BEE-DEF8-48D7-A9B9-2AC29E152570}.Release|x64.ActiveCfg = Release|x64
		{09B81BEE-DEF8-48D7-A9B9-2AC29E152570}.Release|x64.Build.0 = Release|x64
		{09B81BEE-DEF8-48D7-A9B9-2AC29E152570}.Release|x86.ActiveCfg = Release|Win32
		{09B81BEE-DEF8-48D7-A9B9-2AC29E152570}.Release|x86.Build.0 = Release|Win32
	EndGlobalSection
	GlobalSection(SolutionProperties) = preSolution
		HideSolutionNode = FALSE
	EndGlobalSection
	GlobalSection(ExtensibilityGlobals) = postSolution
		SolutionGuid = {53BEC7DF-EAF4-4C21-B317-034D16864343}
	EndGlobalSection
EndGlobal
